
Microsoft Visual Studio Solution File, Format Version 12.00
# Visual Studio Version 17
VisualStudioVersion = 17.11.35222.181
MinimumVisualStudioVersion = 10.0.40219.1
Project("{9A19103F-16F7-4668-BE54-9A1E7A4F7556}") = "ConsoleApp", "IndustrialDataSimulator\ConsoleApp.csproj", "{7BF97757-4990-4DB1-B13C-DC7B0A92A7AD}"
EndProject
Project("{9A19103F-16F7-4668-BE54-9A1E7A4F7556}") = "SensorAPI", "WebAPI\SensorAPI.csproj", "{96E6EBAA-7A7A-4133-80A9-56F36836BE55}"
EndProject
Project("{E53339B2-1760-4266-BCC7-CA923CBCF16C}") = "docker-compose", "docker-compose.dcproj", "{99A455AF-79C1-430B-9D07-39DDB3E3307E}"
EndProject
Global
	GlobalSection(SolutionConfigurationPlatforms) = preSolution
		Debug|Any CPU = Debug|Any CPU
		Release|Any CPU = Release|Any CPU
	EndGlobalSection
	GlobalSection(ProjectConfigurationPlatforms) = postSolution
		{7BF97757-4990-4DB1-B13C-DC7B0A92A7AD}.Debug|Any CPU.ActiveCfg = Debug|Any CPU
		{7BF97757-4990-4DB1-B13C-DC7B0A92A7AD}.Debug|Any CPU.Build.0 = Debug|Any CPU
		{7BF97757-4990-4DB1-B13C-DC7B0A92A7AD}.Release|Any CPU.ActiveCfg = Release|Any CPU
		{7BF97757-4990-4DB1-B13C-DC7B0A92A7AD}.Release|Any CPU.Build.0 = Release|Any CPU
		{96E6EBAA-7A7A-4133-80A9-56F36836BE55}.Debug|Any CPU.ActiveCfg = Debug|Any CPU
		{96E6EBAA-7A7A-4133-80A9-56F36836BE55}.Debug|Any CPU.Build.0 = Debug|Any CPU
		{96E6EBAA-7A7A-4133-80A9-56F36836BE55}.Release|Any CPU.ActiveCfg = Release|Any CPU
		{96E6EBAA-7A7A-4133-80A9-56F36836BE55}.Release|Any CPU.Build.0 = Release|Any CPU
		{99A455AF-79C1-430B-9D07-39DDB3E3307E}.Debug|Any CPU.ActiveCfg = Debug|Any CPU
		{99A455AF-79C1-430B-9D07-39DDB3E3307E}.Debug|Any CPU.Build.0 = Debug|Any CPU
		{99A455AF-79C1-430B-9D07-39DDB3E3307E}.Release|Any CPU.ActiveCfg = Release|Any CPU
		{99A455AF-79C1-430B-9D07-39DDB3E3307E}.Release|Any CPU.Build.0 = Release|Any CPU
	EndGlobalSection
	GlobalSection(SolutionProperties) = preSolution
		HideSolutionNode = FALSE
	EndGlobalSection
	GlobalSection(ExtensibilityGlobals) = postSolution
		SolutionGuid = {47C35E7A-C36B-4EB6-816C-DCAC93B36D34}
	EndGlobalSection
EndGlobal
